
Microsoft Visual Studio Solution File, Format Version 12.00
# Visual Studio Version 16
VisualStudioVersion = 16.0.30907.101
MinimumVisualStudioVersion = 10.0.40219.1
Project("{FAE04EC0-301F-11D3-BF4B-00C04F79EFBC}") = "TempleSched", "TempleSched\TempleSched.csproj", "{4355096B-0168-4CC7-8009-9C413439E992}"
EndProject
Global
	GlobalSection(SolutionConfigurationPlatforms) = preSolution
		Debug|Any CPU = Debug|Any CPU
		Release|Any CPU = Release|Any CPU
	EndGlobalSection
	GlobalSection(ProjectConfigurationPlatforms) = postSolution
		{4355096B-0168-4CC7-8009-9C413439E992}.Debug|Any CPU.ActiveCfg = Debug|Any CPU
		{4355096B-0168-4CC7-8009-9C413439E992}.Debug|Any CPU.Build.0 = Debug|Any CPU
		{4355096B-0168-4CC7-8009-9C413439E992}.Release|Any CPU.ActiveCfg = Release|Any CPU
		{4355096B-0168-4CC7-8009-9C413439E992}.Release|Any CPU.Build.0 = Release|Any CPU
	EndGlobalSection
	GlobalSection(SolutionProperties) = preSolution
		HideSolutionNode = FALSE
	EndGlobalSection
	GlobalSection(ExtensibilityGlobals) = postSolution
		SolutionGuid = {C3F80245-8FCB-4B7A-85E9-887B2F53B6E3}
	EndGlobalSection
EndGlobal
